
Microsoft Visual Studio Solution File, Format Version 12.00
# Visual Studio Version 16
VisualStudioVersion = 16.0.29306.81
MinimumVisualStudioVersion = 10.0.40219.1
Project("{FAE04EC0-301F-11D3-BF4B-00C04F79EFBC}") = "Twitter.WebApi", "src\Twitter.WebApi\Twitter.WebApi.csproj", "{591F2486-1AAB-4351-83A1-D20DFC8F8B70}"
EndProject
Project("{FAE04EC0-301F-11D3-BF4B-00C04F79EFBC}") = "Twitter.Services", "src\Twitter.Services\Twitter.Services.csproj", "{B9F447AA-A2B9-4175-B705-8B55E12925DB}"
EndProject
Project("{FAE04EC0-301F-11D3-BF4B-00C04F79EFBC}") = "Twitter.Shared", "src\Twitter.Shared\Twitter.Shared.csproj", "{C2B98D7C-1D9A-4E68-A3FC-B09CFF5555A5}"
EndProject
Project("{FAE04EC0-301F-11D3-BF4B-00C04F79EFBC}") = "Twitter.Data", "src\Twitter.Data\Twitter.Data.csproj", "{A397B83C-8D6E-4F41-8B5E-045F44E67928}"
EndProject
Project("{FAE04EC0-301F-11D3-BF4B-00C04F79EFBC}") = "Twitter.Repositories", "src\Twitter.Repositories\Twitter.Repositories.csproj", "{6D095A9B-EAAC-4C17-87BB-3FF2A612D701}"
EndProject
Global
	GlobalSection(SolutionConfigurationPlatforms) = preSolution
		Debug|Any CPU = Debug|Any CPU
		Release|Any CPU = Release|Any CPU
	EndGlobalSection
	GlobalSection(ProjectConfigurationPlatforms) = postSolution
		{591F2486-1AAB-4351-83A1-D20DFC8F8B70}.Debug|Any CPU.ActiveCfg = Debug|Any CPU
		{591F2486-1AAB-4351-83A1-D20DFC8F8B70}.Debug|Any CPU.Build.0 = Debug|Any CPU
		{591F2486-1AAB-4351-83A1-D20DFC8F8B70}.Release|Any CPU.ActiveCfg = Release|Any CPU
		{591F2486-1AAB-4351-83A1-D20DFC8F8B70}.Release|Any CPU.Build.0 = Release|Any CPU
		{B9F447AA-A2B9-4175-B705-8B55E12925DB}.Debug|Any CPU.ActiveCfg = Debug|Any CPU
		{B9F447AA-A2B9-4175-B705-8B55E12925DB}.Debug|Any CPU.Build.0 = Debug|Any CPU
		{B9F447AA-A2B9-4175-B705-8B55E12925DB}.Release|Any CPU.ActiveCfg = Release|Any CPU
		{B9F447AA-A2B9-4175-B705-8B55E12925DB}.Release|Any CPU.Build.0 = Release|Any CPU
		{C2B98D7C-1D9A-4E68-A3FC-B09CFF5555A5}.Debug|Any CPU.ActiveCfg = Debug|Any CPU
		{C2B98D7C-1D9A-4E68-A3FC-B09CFF5555A5}.Debug|Any CPU.Build.0 = Debug|Any CPU
		{C2B98D7C-1D9A-4E68-A3FC-B09CFF5555A5}.Release|Any CPU.ActiveCfg = Release|Any CPU
		{C2B98D7C-1D9A-4E68-A3FC-B09CFF5555A5}.Release|Any CPU.Build.0 = Release|Any CPU
		{A397B83C-8D6E-4F41-8B5E-045F44E67928}.Debug|Any CPU.ActiveCfg = Debug|Any CPU
		{A397B83C-8D6E-4F41-8B5E-045F44E67928}.Debug|Any CPU.Build.0 = Debug|Any CPU
		{A397B83C-8D6E-4F41-8B5E-045F44E67928}.Release|Any CPU.ActiveCfg = Release|Any CPU
		{A397B83C-8D6E-4F41-8B5E-045F44E67928}.Release|Any CPU.Build.0 = Release|Any CPU
		{6D095A9B-EAAC-4C17-87BB-3FF2A612D701}.Debug|Any CPU.ActiveCfg = Debug|Any CPU
		{6D095A9B-EAAC-4C17-87BB-3FF2A612D701}.Debug|Any CPU.Build.0 = Debug|Any CPU
		{6D095A9B-EAAC-4C17-87BB-3FF2A612D701}.Release|Any CPU.ActiveCfg = Release|Any CPU
		{6D095A9B-EAAC-4C17-87BB-3FF2A612D701}.Release|Any CPU.Build.0 = Release|Any CPU
	EndGlobalSection
	GlobalSection(SolutionProperties) = preSolution
		HideSolutionNode = FALSE
	EndGlobalSection
	GlobalSection(ExtensibilityGlobals) = postSolution
		SolutionGuid = {4F931D05-118A-4989-8B04-8082A9A353AD}
	EndGlobalSection
EndGlobal
